// !$*UTF8*$!
{
	archiveVersion = 1;
	classes = {
	};
	objectVersion = 56;
	objects = {

/* Begin PBXBuildFile section */
		E98D09372A9274400040ACE3 /* AppDelegate.swift in Sources */ = {isa = PBXBuildFile; fileRef = E98D09362A9274400040ACE3 /* AppDelegate.swift */; };
		E98D09392A9274400040ACE3 /* SceneDelegate.swift in Sources */ = {isa = PBXBuildFile; fileRef = E98D09382A9274400040ACE3 /* SceneDelegate.swift */; };
		E98D093B2A9274400040ACE3 /* ViewController.swift in Sources */ = {isa = PBXBuildFile; fileRef = E98D093A2A9274400040ACE3 /* ViewController.swift */; };
		E98D093E2A9274400040ACE3 /* Main.storyboard in Resources */ = {isa = PBXBuildFile; fileRef = E98D093C2A9274400040ACE3 /* Main.storyboard */; };
		E98D09402A9274420040ACE3 /* Assets.xcassets in Resources */ = {isa = PBXBuildFile; fileRef = E98D093F2A9274420040ACE3 /* Assets.xcassets */; };
		E98D09432A9274420040ACE3 /* LaunchScreen.storyboard in Resources */ = {isa = PBXBuildFile; fileRef = E98D09412A9274420040ACE3 /* LaunchScreen.storyboard */; };
		E98D094B2A9274710040ACE3 /* PostsViewModel.swift in Sources */ = {isa = PBXBuildFile; fileRef = E98D094A2A9274710040ACE3 /* PostsViewModel.swift */; };
		E98D094D2A9274DC0040ACE3 /* PostService.swift in Sources */ = {isa = PBXBuildFile; fileRef = E98D094C2A9274DC0040ACE3 /* PostService.swift */; };
		E98D094F2A92754B0040ACE3 /* PostResponse.swift in Sources */ = {isa = PBXBuildFile; fileRef = E98D094E2A92754B0040ACE3 /* PostResponse.swift */; };
		E98D09532A92767F0040ACE3 /* ContentView.swift in Sources */ = {isa = PBXBuildFile; fileRef = E98D09522A92767F0040ACE3 /* ContentView.swift */; };
/* End PBXBuildFile section */

/* Begin PBXFileReference section */
		E98D09332A9274400040ACE3 /* UIKitPostsAppSwiftUi.app */ = {isa = PBXFileReference; explicitFileType = wrapper.application; includeInIndex = 0; path = UIKitPostsAppSwiftUi.app; sourceTree = BUILT_PRODUCTS_DIR; };
		E98D09362A9274400040ACE3 /* AppDelegate.swift */ = {isa = PBXFileReference; lastKnownFileType = sourcecode.swift; path = AppDelegate.swift; sourceTree = "<group>"; };
		E98D09382A9274400040ACE3 /* SceneDelegate.swift */ = {isa = PBXFileReference; lastKnownFileType = sourcecode.swift; path = SceneDelegate.swift; sourceTree = "<group>"; };
		E98D093A2A9274400040ACE3 /* ViewController.swift */ = {isa = PBXFileReference; lastKnownFileType = sourcecode.swift; path = ViewController.swift; sourceTree = "<group>"; };
		E98D093D2A9274400040ACE3 /* Base */ = {isa = PBXFileReference; lastKnownFileType = file.storyboard; name = Base; path = Base.lproj/Main.storyboard; sourceTree = "<group>"; };
		E98D093F2A9274420040ACE3 /* Assets.xcassets */ = {isa = PBXFileReference; lastKnownFileType = folder.assetcatalog; path = Assets.xcassets; sourceTree = "<group>"; };
		E98D09422A9274420040ACE3 /* Base */ = {isa = PBXFileReference; lastKnownFileType = file.storyboard; name = Base; path = Base.lproj/LaunchScreen.storyboard; sourceTree = "<group>"; };
		E98D09442A9274420040ACE3 /* Info.plist */ = {isa = PBXFileReference; lastKnownFileType = text.plist.xml; path = Info.plist; sourceTree = "<group>"; };
		E98D094A2A9274710040ACE3 /* PostsViewModel.swift */ = {isa = PBXFileReference; lastKnownFileType = sourcecode.swift; path = PostsViewModel.swift; sourceTree = "<group>"; };
		E98D094C2A9274DC0040ACE3 /* PostService.swift */ = {isa = PBXFileReference; lastKnownFileType = sourcecode.swift; path = PostService.swift; sourceTree = "<group>"; };
		E98D094E2A92754B0040ACE3 /* PostResponse.swift */ = {isa = PBXFileReference; fileEncoding = 4; lastKnownFileType = sourcecode.swift; path = PostResponse.swift; sourceTree = "<group>"; };
		E98D09522A92767F0040ACE3 /* ContentView.swift */ = {isa = PBXFileReference; fileEncoding = 4; lastKnownFileType = sourcecode.swift; path = ContentView.swift; sourceTree = "<group>"; };
/* End PBXFileReference section */

/* Begin PBXFrameworksBuildPhase section */
		E98D09302A9274400040ACE3 /* Frameworks */ = {
			isa = PBXFrameworksBuildPhase;
			buildActionMask = 2147483647;
			files = (
			);
			runOnlyForDeploymentPostprocessing = 0;
		};
/* End PBXFrameworksBuildPhase section */

/* Begin PBXGroup section */
		E98D092A2A9274400040ACE3 = {
			isa = PBXGroup;
			children = (
				E98D09352A9274400040ACE3 /* UIKitPostsAppSwiftUi */,
				E98D09342A9274400040ACE3 /* Products */,
			);
			sourceTree = "<group>";
		};
		E98D09342A9274400040ACE3 /* Products */ = {
			isa = PBXGroup;
			children = (
				E98D09332A9274400040ACE3 /* UIKitPostsAppSwiftUi.app */,
			);
			name = Products;
			sourceTree = "<group>";
		};
		E98D09352A9274400040ACE3 /* UIKitPostsAppSwiftUi */ = {
			isa = PBXGroup;
			children = (
				E98D09362A9274400040ACE3 /* AppDelegate.swift */,
				E98D09382A9274400040ACE3 /* SceneDelegate.swift */,
				E98D093A2A9274400040ACE3 /* ViewController.swift */,
				E98D093C2A9274400040ACE3 /* Main.storyboard */,
				E98D093F2A9274420040ACE3 /* Assets.xcassets */,
				E98D09412A9274420040ACE3 /* LaunchScreen.storyboard */,
				E98D09442A9274420040ACE3 /* Info.plist */,
				E98D094A2A9274710040ACE3 /* PostsViewModel.swift */,
				E98D094C2A9274DC0040ACE3 /* PostService.swift */,
				E98D094E2A92754B0040ACE3 /* PostResponse.swift */,
				E98D09522A92767F0040ACE3 /* ContentView.swift */,
			);
			path = UIKitPostsAppSwiftUi;
			sourceTree = "<group>";
		};
/* End PBXGroup section */

/* Begin PBXNativeTarget section */
		E98D09322A9274400040ACE3 /* UIKitPostsAppSwiftUi */ = {
			isa = PBXNativeTarget;
			buildConfigurationList = E98D09472A9274420040ACE3 /* Build configuration list for PBXNativeTarget "UIKitPostsAppSwiftUi" */;
			buildPhases = (
				E98D092F2A9274400040ACE3 /* Sources */,
				E98D09302A9274400040ACE3 /* Frameworks */,
				E98D09312A9274400040ACE3 /* Resources */,
			);
			buildRules = (
			);
			dependencies = (
			);
			name = UIKitPostsAppSwiftUi;
			productName = UIKitPostsAppSwiftUi;
			productReference = E98D09332A9274400040ACE3 /* UIKitPostsAppSwiftUi.app */;
			productType = "com.apple.product-type.application";
		};
/* End PBXNativeTarget section */

/* Begin PBXProject section */
		E98D092B2A9274400040ACE3 /* Project object */ = {
			isa = PBXProject;
			attributes = {
				BuildIndependentTargetsInParallel = 1;
				LastSwiftUpdateCheck = 1430;
				LastUpgradeCheck = 1430;
				TargetAttributes = {
					E98D09322A9274400040ACE3 = {
						CreatedOnToolsVersion = 14.3.1;
					};
				};
			};
			buildConfigurationList = E98D092E2A9274400040ACE3 /* Build configuration list for PBXProject "UIKitPostsAppSwiftUi" */;
			compatibilityVersion = "Xcode 14.0";
			developmentRegion = en;
			hasScannedForEncodings = 0;
			knownRegions = (
				en,
				Base,
			);
			mainGroup = E98D092A2A9274400040ACE3;
			productRefGroup = E98D09342A9274400040ACE3 /* Products */;
			projectDirPath = "";
			projectRoot = "";
			targets = (
				E98D09322A9274400040ACE3 /* UIKitPostsAppSwiftUi */,
			);
		};
/* End PBXProject section */

/* Begin PBXResourcesBuildPhase section */
		E98D09312A9274400040ACE3 /* Resources */ = {
			isa = PBXResourcesBuildPhase;
			buildActionMask = 2147483647;
			files = (
				E98D09432A9274420040ACE3 /* LaunchScreen.storyboard in Resources */,
				E98D09402A9274420040ACE3 /* Assets.xcassets in Resources */,
				E98D093E2A9274400040ACE3 /* Main.storyboard in Resources */,
			);
			runOnlyForDeploymentPostprocessing = 0;
		};
/* End PBXResourcesBuildPhase section */

/* Begin PBXSourcesBuildPhase section */
		E98D092F2A9274400040ACE3 /* Sources */ = {
			isa = PBXSourcesBuildPhase;
			buildActionMask = 2147483647;
			files = (
				E98D094D2A9274DC0040ACE3 /* PostService.swift in Sources */,
				E98D094B2A9274710040ACE3 /* PostsViewModel.swift in Sources */,
				E98D09532A92767F0040ACE3 /* ContentView.swift in Sources */,
				E98D093B2A9274400040ACE3 /* ViewController.swift in Sources */,
				E98D09372A9274400040ACE3 /* AppDelegate.swift in Sources */,
				E98D094F2A92754B0040ACE3 /* PostResponse.swift in Sources */,
				E98D09392A9274400040ACE3 /* SceneDelegate.swift in Sources */,
			);
			runOnlyForDeploymentPostprocessing = 0;
		};
/* End PBXSourcesBuildPhase section */

/* Begin PBXVariantGroup section */
		E98D093C2A9274400040ACE3 /* Main.storyboard */ = {
			isa = PBXVariantGroup;
			children = (
				E98D093D2A9274400040ACE3 /* Base */,
			);
			name = Main.storyboard;
			sourceTree = "<group>";
		};
		E98D09412A9274420040ACE3 /* LaunchScreen.storyboard */ = {
			isa = PBXVariantGroup;
			children = (
				E98D09422A9274420040ACE3 /* Base */,
			);
			name = LaunchScreen.storyboard;
			sourceTree = "<group>";
		};
/* End PBXVariantGroup section */

/* Begin XCBuildConfiguration section */
		E98D09452A9274420040ACE3 /* Debug */ = {
			isa = XCBuildConfiguration;
			buildSettings = {
				ALWAYS_SEARCH_USER_PATHS = NO;
				CLANG_ANALYZER_NONNULL = YES;
				CLANG_ANALYZER_NUMBER_OBJECT_CONVERSION = YES_AGGRESSIVE;
				CLANG_CXX_LANGUAGE_STANDARD = "gnu++20";
				CLANG_ENABLE_MODULES = YES;
				CLANG_ENABLE_OBJC_ARC = YES;
				CLANG_ENABLE_OBJC_WEAK = YES;
				CLANG_WARN_BLOCK_CAPTURE_AUTORELEASING = YES;
				CLANG_WARN_BOOL_CONVERSION = YES;
				CLANG_WARN_COMMA = YES;
				CLANG_WARN_CONSTANT_CONVERSION = YES;
				CLANG_WARN_DEPRECATED_OBJC_IMPLEMENTATIONS = YES;
				CLANG_WARN_DIRECT_OBJC_ISA_USAGE = YES_ERROR;
				CLANG_WARN_DOCUMENTATION_COMMENTS = YES;
				CLANG_WARN_EMPTY_BODY = YES;
				CLANG_WARN_ENUM_CONVERSION = YES;
				CLANG_WARN_INFINITE_RECURSION = YES;
				CLANG_WARN_INT_CONVERSION = YES;
				CLANG_WARN_NON_LITERAL_NULL_CONVERSION = YES;
				CLANG_WARN_OBJC_IMPLICIT_RETAIN_SELF = YES;
				CLANG_WARN_OBJC_LITERAL_CONVERSION = YES;
				CLANG_WARN_OBJC_ROOT_CLASS = YES_ERROR;
				CLANG_WARN_QUOTED_INCLUDE_IN_FRAMEWORK_HEADER = YES;
				CLANG_WARN_RANGE_LOOP_ANALYSIS = YES;
				CLANG_WARN_STRICT_PROTOTYPES = YES;
				CLANG_WARN_SUSPICIOUS_MOVE = YES;
				CLANG_WARN_UNGUARDED_AVAILABILITY = YES_AGGRESSIVE;
				CLANG_WARN_UNREACHABLE_CODE = YES;
				CLANG_WARN__DUPLICATE_METHOD_MATCH = YES;
				COPY_PHASE_STRIP = NO;
				DEBUG_INFORMATION_FORMAT = dwarf;
				ENABLE_STRICT_OBJC_MSGSEND = YES;
				ENABLE_TESTABILITY = YES;
				GCC_C_LANGUAGE_STANDARD = gnu11;
				GCC_DYNAMIC_NO_PIC = NO;
				GCC_NO_COMMON_BLOCKS = YES;
				GCC_OPTIMIZATION_LEVEL = 0;
				GCC_PREPROCESSOR_DEFINITIONS = (
					"DEBUG=1",
					"$(inherited)",
				);
				GCC_WARN_64_TO_32_BIT_CONVERSION = YES;
				GCC_WARN_ABOUT_RETURN_TYPE = YES_ERROR;
				GCC_WARN_UNDECLARED_SELECTOR = YES;
				GCC_WARN_UNINITIALIZED_AUTOS = YES_AGGRESSIVE;
				GCC_WARN_UNUSED_FUNCTION = YES;
				GCC_WARN_UNUSED_VARIABLE = YES;
				IPHONEOS_DEPLOYMENT_TARGET = 16.4;
				MTL_ENABLE_DEBUG_INFO = INCLUDE_SOURCE;
				MTL_FAST_MATH = YES;
				ONLY_ACTIVE_ARCH = YES;
				SDKROOT = iphoneos;
				SWIFT_ACTIVE_COMPILATION_CONDITIONS = DEBUG;
				SWIFT_OPTIMIZATION_LEVEL = "-Onone";
			};
			name = Debug;
		};
		E98D09462A9274420040ACE3 /* Release */ = {
			isa = XCBuildConfiguration;
			buildSettings = {
				ALWAYS_SEARCH_USER_PATHS = NO;
				CLANG_ANALYZER_NONNULL = YES;
				CLANG_ANALYZER_NUMBER_OBJECT_CONVERSION = YES_AGGRESSIVE;
				CLANG_CXX_LANGUAGE_STANDARD = "gnu++20";
				CLANG_ENABLE_MODULES = YES;
				CLANG_ENABLE_OBJC_ARC = YES;
				CLANG_ENABLE_OBJC_WEAK = YES;
				CLANG_WARN_BLOCK_CAPTURE_AUTORELEASING = YES;
				CLANG_WARN_BOOL_CONVERSION = YES;
				CLANG_WARN_COMMA = YES;
				CLANG_WARN_CONSTANT_CONVERSION = YES;
				CLANG_WARN_DEPRECATED_OBJC_IMPLEMENTATIONS = YES;
				CLANG_WARN_DIRECT_OBJC_ISA_USAGE = YES_ERROR;
				CLANG_WARN_DOCUMENTATION_COMMENTS = YES;
				CLANG_WARN_EMPTY_BODY = YES;
				CLANG_WARN_ENUM_CONVERSION = YES;
				CLANG_WARN_INFINITE_RECURSION = YES;
				CLANG_WARN_INT_CONVERSION = YES;
				CLANG_WARN_NON_LITERAL_NULL_CONVERSION = YES;
				CLANG_WARN_OBJC_IMPLICIT_RETAIN_SELF = YES;
				CLANG_WARN_OBJC_LITERAL_CONVERSION = YES;
				CLANG_WARN_OBJC_ROOT_CLASS = YES_ERROR;
				CLANG_WARN_QUOTED_INCLUDE_IN_FRAMEWORK_HEADER = YES;
				CLANG_WARN_RANGE_LOOP_ANALYSIS = YES;
				CLANG_WARN_STRICT_PROTOTYPES = YES;
				CLANG_WARN_SUSPICIOUS_MOVE = YES;
				CLANG_WARN_UNGUARDED_AVAILABILITY = YES_AGGRESSIVE;
				CLANG_WARN_UNREACHABLE_CODE = YES;
				CLANG_WARN__DUPLICATE_METHOD_MATCH = YES;
				COPY_PHASE_STRIP = NO;
				DEBUG_INFORMATION_FORMAT = "dwarf-with-dsym";
				ENABLE_NS_ASSERTIONS = NO;
				ENABLE_STRICT_OBJC_MSGSEND = YES;
				GCC_C_LANGUAGE_STANDARD = gnu11;
				GCC_NO_COMMON_BLOCKS = YES;
				GCC_WARN_64_TO_32_BIT_CONVERSION = YES;
				GCC_WARN_ABOUT_RETURN_TYPE = YES_ERROR;
				GCC_WARN_UNDECLARED_SELECTOR = YES;
				GCC_WARN_UNINITIALIZED_AUTOS = YES_AGGRESSIVE;
				GCC_WARN_UNUSED_FUNCTION = YES;
				GCC_WARN_UNUSED_VARIABLE = YES;
				IPHONEOS_DEPLOYMENT_TARGET = 16.4;
				MTL_ENABLE_DEBUG_INFO = NO;
				MTL_FAST_MATH = YES;
				SDKROOT = iphoneos;
				SWIFT_COMPILATION_MODE = wholemodule;
				SWIFT_OPTIMIZATION_LEVEL = "-O";
				VALIDATE_PRODUCT = YES;
			};
			name = Release;
		};
		E98D09482A9274420040ACE3 /* Debug */ = {
			isa = XCBuildConfiguration;
			buildSettings = {
				ASSETCATALOG_COMPILER_APPICON_NAME = AppIcon;
				ASSETCATALOG_COMPILER_GLOBAL_ACCENT_COLOR_NAME = AccentColor;
				CODE_SIGN_STYLE = Automatic;
				CURRENT_PROJECT_VERSION = 1;
				DEVELOPMENT_TEAM = G9Z86K3593;
				GENERATE_INFOPLIST_FILE = YES;
				INFOPLIST_FILE = UIKitPostsAppSwiftUi/Info.plist;
				INFOPLIST_KEY_UIApplicationSupportsIndirectInputEvents = YES;
				INFOPLIST_KEY_UILaunchStoryboardName = LaunchScreen;
				INFOPLIST_KEY_UIMainStoryboardFile = Main;
				INFOPLIST_KEY_UISupportedInterfaceOrientations_iPad = "UIInterfaceOrientationPortrait UIInterfaceOrientationPortraitUpsideDown UIInterfaceOrientationLandscapeLeft UIInterfaceOrientationLandscapeRight";
				INFOPLIST_KEY_UISupportedInterfaceOrientations_iPhone = "UIInterfaceOrientationPortrait UIInterfaceOrientationLandscapeLeft UIInterfaceOrientationLandscapeRight";
				LD_RUNPATH_SEARCH_PATHS = (
					"$(inherited)",
					"@executable_path/Frameworks",
				);
				MARKETING_VERSION = 1.0;
				PRODUCT_BUNDLE_IDENTIFIER = "Syed-Raza.UIKitPostsAppSwiftUi";
				PRODUCT_NAME = "$(TARGET_NAME)";
				SWIFT_EMIT_LOC_STRINGS = YES;
				SWIFT_VERSION = 5.0;
				TARGETED_DEVICE_FAMILY = "1,2";
			};
			name = Debug;
		};
		E98D09492A9274420040ACE3 /* Release */ = {
			isa = XCBuildConfiguration;
			buildSettings = {
				ASSETCATALOG_COMPILER_APPICON_NAME = AppIcon;
				ASSETCATALOG_COMPILER_GLOBAL_ACCENT_COLOR_NAME = AccentColor;
				CODE_SIGN_STYLE = Automatic;
				CURRENT_PROJECT_VERSION = 1;
				DEVELOPMENT_TEAM = G9Z86K3593;
				GENERATE_INFOPLIST_FILE = YES;
				INFOPLIST_FILE = UIKitPostsAppSwiftUi/Info.plist;
				INFOPLIST_KEY_UIApplicationSupportsIndirectInputEvents = YES;
				INFOPLIST_KEY_UILaunchStoryboardName = LaunchScreen;
				INFOPLIST_KEY_UIMainStoryboardFile = Main;
				INFOPLIST_KEY_UISupportedInterfaceOrientations_iPad = "UIInterfaceOrientationPortrait UIInterfaceOrientationPortraitUpsideDown UIInterfaceOrientationLandscapeLeft UIInterfaceOrientationLandscapeRight";
				INFOPLIST_KEY_UISupportedInterfaceOrientations_iPhone = "UIInterfaceOrientationPortrait UIInterfaceOrientationLandscapeLeft UIInterfaceOrientationLandscapeRight";
				LD_RUNPATH_SEARCH_PATHS = (
					"$(inherited)",
					"@executable_path/Frameworks",
				);
				MARKETING_VERSION = 1.0;
				PRODUCT_BUNDLE_IDENTIFIER = "Syed-Raza.UIKitPostsAppSwiftUi";
				PRODUCT_NAME = "$(TARGET_NAME)";
				SWIFT_EMIT_LOC_STRINGS = YES;
				SWIFT_VERSION = 5.0;
				TARGETED_DEVICE_FAMILY = "1,2";
			};
			name = Release;
		};
/* End XCBuildConfiguration section */

/* Begin XCConfigurationList section */
		E98D092E2A9274400040ACE3 /* Build configuration list for PBXProject "UIKitPostsAppSwiftUi" */ = {
			isa = XCConfigurationList;
			buildConfigurations = (
				E98D09452A9274420040ACE3 /* Debug */,
				E98D09462A9274420040ACE3 /* Release */,
			);
			defaultConfigurationIsVisible = 0;
			defaultConfigurationName = Release;
		};
		E98D09472A9274420040ACE3 /* Build configuration list for PBXNativeTarget "UIKitPostsAppSwiftUi" */ = {
			isa = XCConfigurationList;
			buildConfigurations = (
				E98D09482A9274420040ACE3 /* Debug */,
				E98D09492A9274420040ACE3 /* Release */,
			);
			defaultConfigurationIsVisible = 0;
			defaultConfigurationName = Release;
		};
/* End XCConfigurationList section */
	};
	rootObject = E98D092B2A9274400040ACE3 /* Project object */;
}
